<?xml version="1.0" encoding="utf-8"?>
<Project ToolsVersion="4.0" xmlns="http://schemas.microsoft.com/developer/msbuild/2003">
  <ItemGroup>
    <Filter Include="src" />
    <Filter Include="src\backup" />
    <Filter Include="src\compatibility" />
    <Filter Include="src\core" />
    <Filter Include="src\encoding" />
    <Filter Include="src\game_files" />
    <Filter Include="src\i18n" />
    <Filter Include="src\ui" />
  </ItemGroup>
  <ItemGroup>
    <ClInclude Include="src\quest_editor_re\core\quest_document.h"><Filter>src\core</Filter></ClInclude>
    <ClInclude Include="src\quest_editor_re\core\edit_session.h"><Filter>src\core</Filter></ClInclude>
    <ClInclude Include="src\quest_editor_re\ui\editor.h"><Filter>src\ui</Filter></ClInclude>
    <ClInclude Include="src\quest_editor_re\ui\controls.h"><Filter>src\ui</Filter></ClInclude>
    <ClInclude Include="src\quest_editor_re\ui\quest_properties.h"><Filter>src\ui</Filter></ClInclude>
    <None Include="src\quest_editor_re\compatibility\QuestEditor.def"><Filter>src\compatibility</Filter></None>
    <ClCompile Include="src\quest_editor_re\core\quest_document.cpp"><Filter>src\core</Filter></ClCompile>
    <ClCompile Include="src\quest_editor_re\core\edit_session.cpp"><Filter>src\core</Filter></ClCompile>
    <ClCompile Include="src\quest_editor_re\ui\editor.cpp"><Filter>src\ui</Filter></ClCompile>
    <ClCompile Include="src\quest_editor_re\ui\controls.cpp"><Filter>src\ui</Filter></ClCompile>
    <ClCompile Include="src\quest_editor_re\ui\quest_properties.cpp"><Filter>src\ui</Filter></ClCompile>
    <ClCompile Include="src\quest_editor_re\compatibility\exports.cpp"><Filter>src\compatibility</Filter></ClCompile>
    <ClCompile Include="src\quest_editor_re\core\mission_text.cpp"><Filter>src\core</Filter></ClCompile>
    <ClCompile Include="src\quest_editor_re\game_files\file_io.cpp"><Filter>src\game_files</Filter></ClCompile>
    <ClCompile Include="src\quest_editor_re\game_files\path_selection.cpp"><Filter>src\game_files</Filter></ClCompile>
    <ClCompile Include="src\quest_editor_re\encoding\text_encoding.cpp"><Filter>src\encoding</Filter></ClCompile>
    <ClCompile Include="src\quest_editor_re\backup\file_backup.cpp"><Filter>src\backup</Filter></ClCompile>
    <ClInclude Include="src\quest_editor_re\core\mission_text.h"><Filter>src\core</Filter></ClInclude>
    <ClInclude Include="src\quest_editor_re\encoding\text_encoding.h"><Filter>src\encoding</Filter></ClInclude>
    <ClInclude Include="src\quest_editor_re\game_files\file_io.h"><Filter>src\game_files</Filter></ClInclude>
    <ClInclude Include="src\quest_editor_re\i18n\i18n.h"><Filter>src\i18n</Filter></ClInclude>
    <ClInclude Include="src\quest_editor_re\backup\file_backup.h"><Filter>src\backup</Filter></ClInclude>
    <ClInclude Include="src\quest_editor_re\game_files\path_selection.h"><Filter>src\game_files</Filter></ClInclude>
    <ClCompile Include="src\quest_editor_re\i18n\i18n.cpp"><Filter>src\i18n</Filter></ClCompile>
    <ResourceCompile Include="src\quest_editor_re\i18n\translations.rc"><Filter>src\i18n</Filter></ResourceCompile>
    <ResourceCompile Include="src\quest_editor_re\version.rc"><Filter>src</Filter></ResourceCompile>
    <None Include="src\quest_editor_re\i18n\en.ini"><Filter>src\i18n</Filter></None>
    <None Include="src\quest_editor_re\i18n\cn.ini"><Filter>src\i18n</Filter></None>
    <None Include="QuestEditor.cfg" />
  </ItemGroup>
</Project>
